// !$*UTF8*$!
{
	archiveVersion = 1;
	classes = {
	};
	objectVersion = 46;
	objects = {

/* Begin PBXBuildFile section */
		853BC7021472B6F2008B7C6B /* AddSchmeissereiController.m in Sources */ = {isa = PBXBuildFile; fileRef = 853BC6FD1472B6F2008B7C6B /* AddSchmeissereiController.m */; };
		853BC7031472B6F2008B7C6B /* AddSchmeissereiController.xib in Resources */ = {isa = PBXBuildFile; fileRef = 853BC6FE1472B6F2008B7C6B /* AddSchmeissereiController.xib */; };
		853BC7041472B6F2008B7C6B /* RemoteControl.m in Sources */ = {isa = PBXBuildFile; fileRef = 853BC7001472B6F2008B7C6B /* RemoteControl.m */; };
		853BC7051472B6F2008B7C6B /* RemoteControl.xib in Resources */ = {isa = PBXBuildFile; fileRef = 853BC7011472B6F2008B7C6B /* RemoteControl.xib */; };
		855E23B21472C80500220B22 /* GameViewController.m in Sources */ = {isa = PBXBuildFile; fileRef = 855E23B01472C80400220B22 /* GameViewController.m */; };
		855E23B31472C80500220B22 /* GameViewController.xib in Resources */ = {isa = PBXBuildFile; fileRef = 855E23B11472C80400220B22 /* GameViewController.xib */; };
		857F06F1146C497300368D8C /* UIKit.framework in Frameworks */ = {isa = PBXBuildFile; fileRef = 857F06F0146C497300368D8C /* UIKit.framework */; };
		857F06F3146C497300368D8C /* Foundation.framework in Frameworks */ = {isa = PBXBuildFile; fileRef = 857F06F2146C497300368D8C /* Foundation.framework */; };
		857F06F5146C497300368D8C /* CoreGraphics.framework in Frameworks */ = {isa = PBXBuildFile; fileRef = 857F06F4146C497300368D8C /* CoreGraphics.framework */; };
		857F06F7146C497300368D8C /* CoreData.framework in Frameworks */ = {isa = PBXBuildFile; fileRef = 857F06F6146C497300368D8C /* CoreData.framework */; };
		857F06FD146C497300368D8C /* InfoPlist.strings in Resources */ = {isa = PBXBuildFile; fileRef = 857F06FB146C497300368D8C /* InfoPlist.strings */; };
		857F06FF146C497300368D8C /* main.m in Sources */ = {isa = PBXBuildFile; fileRef = 857F06FE146C497300368D8C /* main.m */; };
		857F0703146C497300368D8C /* AppDelegate.m in Sources */ = {isa = PBXBuildFile; fileRef = 857F0702146C497300368D8C /* AppDelegate.m */; };
		857F0706146C497300368D8C /* ProjectStatsApp.xcdatamodeld in Sources */ = {isa = PBXBuildFile; fileRef = 857F0704146C497300368D8C /* ProjectStatsApp.xcdatamodeld */; };
		857F071A146C4A9400368D8C /* EditServerViewController.m in Sources */ = {isa = PBXBuildFile; fileRef = 857F070D146C4A9400368D8C /* EditServerViewController.m */; };
		857F071B146C4A9400368D8C /* EditServerViewController.xib in Resources */ = {isa = PBXBuildFile; fileRef = 857F070E146C4A9400368D8C /* EditServerViewController.xib */; };
		857F071C146C4A9400368D8C /* InfoPlist.strings in Resources */ = {isa = PBXBuildFile; fileRef = 857F0710146C4A9400368D8C /* InfoPlist.strings */; };
		857F071E146C4A9400368D8C /* README in Resources */ = {isa = PBXBuildFile; fileRef = 857F0714146C4A9400368D8C /* README */; };
		857F071F146C4A9400368D8C /* ServerTableViewController.m in Sources */ = {isa = PBXBuildFile; fileRef = 857F0716146C4A9400368D8C /* ServerTableViewController.m */; };
		857F0720146C4A9400368D8C /* ServerTableViewController.xib in Resources */ = {isa = PBXBuildFile; fileRef = 857F0717146C4A9400368D8C /* ServerTableViewController.xib */; };
		85EE579A146D439300631678 /* projectstats.nsmap in Resources */ = {isa = PBXBuildFile; fileRef = 85EE578F146D439300631678 /* projectstats.nsmap */; };
		85EE579B146D439300631678 /* soapC.cpp in Sources */ = {isa = PBXBuildFile; fileRef = 85EE5790146D439300631678 /* soapC.cpp */; };
		85EE579C146D439300631678 /* soapprojectstatsProxy.cpp in Sources */ = {isa = PBXBuildFile; fileRef = 85EE5792146D439300631678 /* soapprojectstatsProxy.cpp */; };
		85EE579F146D439300631678 /* stdsoap2.cpp in Sources */ = {isa = PBXBuildFile; fileRef = 85EE5798146D439300631678 /* stdsoap2.cpp */; };
		85EE57A2146D43BA00631678 /* ServerLoader.mm in Sources */ = {isa = PBXBuildFile; fileRef = 85EE57A1146D43BA00631678 /* ServerLoader.mm */; };
		85EE57C1146D647D00631678 /* LibraryViewController.m in Sources */ = {isa = PBXBuildFile; fileRef = 85EE57B0146D647D00631678 /* LibraryViewController.m */; };
		85EE57C2146D647D00631678 /* LibraryViewController.xib in Resources */ = {isa = PBXBuildFile; fileRef = 85EE57B1146D647D00631678 /* LibraryViewController.xib */; };
		85EE57C3146D647D00631678 /* MainMenuTabBarController.m in Sources */ = {isa = PBXBuildFile; fileRef = 85EE57B3146D647D00631678 /* MainMenuTabBarController.m */; };
		85EE57C4146D647D00631678 /* MainMenuTabBarController.xib in Resources */ = {isa = PBXBuildFile; fileRef = 85EE57B4146D647D00631678 /* MainMenuTabBarController.xib */; };
		85EE57C5146D647D00631678 /* PlayerInfoViewController.m in Sources */ = {isa = PBXBuildFile; fileRef = 85EE57B6146D647D00631678 /* PlayerInfoViewController.m */; };
		85EE57C6146D647D00631678 /* PlayerInfoViewController.xib in Resources */ = {isa = PBXBuildFile; fileRef = 85EE57B7146D647D00631678 /* PlayerInfoViewController.xib */; };
		85EE57C7146D647D00631678 /* PlayerStatsViewController.m in Sources */ = {isa = PBXBuildFile; fileRef = 85EE57B9146D647D00631678 /* PlayerStatsViewController.m */; };
		85EE57C8146D647D00631678 /* PlayerStatsViewController.xib in Resources */ = {isa = PBXBuildFile; fileRef = 85EE57BA146D647D00631678 /* PlayerStatsViewController.xib */; };
		85EE57C9146D647D00631678 /* PlayersViewController.m in Sources */ = {isa = PBXBuildFile; fileRef = 85EE57BC146D647D00631678 /* PlayersViewController.m */; };
		85EE57CA146D647D00631678 /* PlayersViewController.xib in Resources */ = {isa = PBXBuildFile; fileRef = 85EE57BD146D647D00631678 /* PlayersViewController.xib */; };
		85EE57CB146D647D00631678 /* PlayerTabController.m in Sources */ = {isa = PBXBuildFile; fileRef = 85EE57BF146D647D00631678 /* PlayerTabController.m */; };
		85EE57CC146D647D00631678 /* PlayerTabController.xib in Resources */ = {isa = PBXBuildFile; fileRef = 85EE57C0146D647D00631678 /* PlayerTabController.xib */; };
		D1954B721472BC2C00D26790 /* PlaceInfoViewController.m in Sources */ = {isa = PBXBuildFile; fileRef = D1954B701472BC2C00D26790 /* PlaceInfoViewController.m */; };
		D1954B731472BC2C00D26790 /* PlaceInfoViewController.xib in Resources */ = {isa = PBXBuildFile; fileRef = D1954B711472BC2C00D26790 /* PlaceInfoViewController.xib */; };
		D1954B761472C53600D26790 /* wappen_dortmund.png in Resources */ = {isa = PBXBuildFile; fileRef = D1954B751472C53500D26790 /* wappen_dortmund.png */; };
		D1AA37EB1472AE47001FE9A5 /* PlaceViewController.m in Sources */ = {isa = PBXBuildFile; fileRef = D1AA37E91472AE47001FE9A5 /* PlaceViewController.m */; };
		D1AA37EC1472AE47001FE9A5 /* PlaceViewController.xib in Resources */ = {isa = PBXBuildFile; fileRef = D1AA37EA1472AE47001FE9A5 /* PlaceViewController.xib */; };
		D1DB81311471B9B400F68BE8 /* DrinkViewController.m in Sources */ = {isa = PBXBuildFile; fileRef = D1DB812F1471B9B400F68BE8 /* DrinkViewController.m */; };
		D1DB81321471B9B400F68BE8 /* DrinkViewController.xib in Resources */ = {isa = PBXBuildFile; fileRef = D1DB81301471B9B400F68BE8 /* DrinkViewController.xib */; };
		D1DB8136147249D600F68BE8 /* DrinkInfoViewController.m in Sources */ = {isa = PBXBuildFile; fileRef = D1DB8134147249D600F68BE8 /* DrinkInfoViewController.m */; };
		D1DB8137147249D600F68BE8 /* DrinkInfoViewController.xib in Resources */ = {isa = PBXBuildFile; fileRef = D1DB8135147249D600F68BE8 /* DrinkInfoViewController.xib */; };
		D1DB813914724A7E00F68BE8 /* beer_default.png in Resources */ = {isa = PBXBuildFile; fileRef = D1DB813814724A7E00F68BE8 /* beer_default.png */; };
		D1F4EFAB146D9E74006AA425 /* player.png in Resources */ = {isa = PBXBuildFile; fileRef = D1F4EFAA146D9E73006AA425 /* player.png */; };
		D1F4EFBD14701F2C006AA425 /* PlayerGamesViewController.m in Sources */ = {isa = PBXBuildFile; fileRef = D1F4EFBB14701F2C006AA425 /* PlayerGamesViewController.m */; };
		D1F4EFBE14701F2C006AA425 /* PlayerGamesViewController.xib in Resources */ = {isa = PBXBuildFile; fileRef = D1F4EFBC14701F2C006AA425 /* PlayerGamesViewController.xib */; };
/* End PBXBuildFile section */

/* Begin PBXFileReference section */
		853BC6FC1472B6F2008B7C6B /* AddSchmeissereiController.h */ = {isa = PBXFileReference; fileEncoding = 4; lastKnownFileType = sourcecode.c.h; path = AddSchmeissereiController.h; sourceTree = "<group>"; };
		853BC6FD1472B6F2008B7C6B /* AddSchmeissereiController.m */ = {isa = PBXFileReference; fileEncoding = 4; lastKnownFileType = sourcecode.c.objc; path = AddSchmeissereiController.m; sourceTree = "<group>"; };
		853BC6FE1472B6F2008B7C6B /* AddSchmeissereiController.xib */ = {isa = PBXFileReference; fileEncoding = 4; lastKnownFileType = file.xib; path = AddSchmeissereiController.xib; sourceTree = "<group>"; };
		853BC6FF1472B6F2008B7C6B /* RemoteControl.h */ = {isa = PBXFileReference; fileEncoding = 4; lastKnownFileType = sourcecode.c.h; path = RemoteControl.h; sourceTree = "<group>"; };
		853BC7001472B6F2008B7C6B /* RemoteControl.m */ = {isa = PBXFileReference; fileEncoding = 4; lastKnownFileType = sourcecode.c.objc; path = RemoteControl.m; sourceTree = "<group>"; };
		853BC7011472B6F2008B7C6B /* RemoteControl.xib */ = {isa = PBXFileReference; fileEncoding = 4; lastKnownFileType = file.xib; path = RemoteControl.xib; sourceTree = "<group>"; };
		855E23AF1472C80400220B22 /* GameViewController.h */ = {isa = PBXFileReference; fileEncoding = 4; lastKnownFileType = sourcecode.c.h; path = GameViewController.h; sourceTree = "<group>"; };
		855E23B01472C80400220B22 /* GameViewController.m */ = {isa = PBXFileReference; fileEncoding = 4; lastKnownFileType = sourcecode.c.objc; path = GameViewController.m; sourceTree = "<group>"; };
		855E23B11472C80400220B22 /* GameViewController.xib */ = {isa = PBXFileReference; fileEncoding = 4; lastKnownFileType = file.xib; path = GameViewController.xib; sourceTree = "<group>"; };
		857F06EC146C497300368D8C /* ProjectStatsApp.app */ = {isa = PBXFileReference; explicitFileType = wrapper.application; includeInIndex = 0; path = ProjectStatsApp.app; sourceTree = BUILT_PRODUCTS_DIR; };
		857F06F0146C497300368D8C /* UIKit.framework */ = {isa = PBXFileReference; lastKnownFileType = wrapper.framework; name = UIKit.framework; path = System/Library/Frameworks/UIKit.framework; sourceTree = SDKROOT; };
		857F06F2146C497300368D8C /* Foundation.framework */ = {isa = PBXFileReference; lastKnownFileType = wrapper.framework; name = Foundation.framework; path = System/Library/Frameworks/Foundation.framework; sourceTree = SDKROOT; };
		857F06F4146C497300368D8C /* CoreGraphics.framework */ = {isa = PBXFileReference; lastKnownFileType = wrapper.framework; name = CoreGraphics.framework; path = System/Library/Frameworks/CoreGraphics.framework; sourceTree = SDKROOT; };
		857F06F6146C497300368D8C /* CoreData.framework */ = {isa = PBXFileReference; lastKnownFileType = wrapper.framework; name = CoreData.framework; path = System/Library/Frameworks/CoreData.framework; sourceTree = SDKROOT; };
		857F06FA146C497300368D8C /* ProjectStatsApp-Info.plist */ = {isa = PBXFileReference; lastKnownFileType = text.plist.xml; path = "ProjectStatsApp-Info.plist"; sourceTree = "<group>"; };
		857F06FC146C497300368D8C /* en */ = {isa = PBXFileReference; lastKnownFileType = text.plist.strings; name = en; path = en.lproj/InfoPlist.strings; sourceTree = "<group>"; };
		857F06FE146C497300368D8C /* main.m */ = {isa = PBXFileReference; lastKnownFileType = sourcecode.c.objc; path = main.m; sourceTree = "<group>"; };
		857F0700146C497300368D8C /* ProjectStatsApp-Prefix.pch */ = {isa = PBXFileReference; lastKnownFileType = sourcecode.c.h; path = "ProjectStatsApp-Prefix.pch"; sourceTree = "<group>"; };
		857F0701146C497300368D8C /* AppDelegate.h */ = {isa = PBXFileReference; lastKnownFileType = sourcecode.c.h; path = AppDelegate.h; sourceTree = "<group>"; };
		857F0702146C497300368D8C /* AppDelegate.m */ = {isa = PBXFileReference; lastKnownFileType = sourcecode.c.objc; path = AppDelegate.m; sourceTree = "<group>"; };
		857F0705146C497300368D8C /* ProjectStatsApp.xcdatamodel */ = {isa = PBXFileReference; lastKnownFileType = wrapper.xcdatamodel; path = ProjectStatsApp.xcdatamodel; sourceTree = "<group>"; };
		857F070C146C4A9400368D8C /* EditServerViewController.h */ = {isa = PBXFileReference; fileEncoding = 4; lastKnownFileType = sourcecode.c.h; path = EditServerViewController.h; sourceTree = "<group>"; };
		857F070D146C4A9400368D8C /* EditServerViewController.m */ = {isa = PBXFileReference; fileEncoding = 4; lastKnownFileType = sourcecode.c.objc; path = EditServerViewController.m; sourceTree = "<group>"; };
		857F070E146C4A9400368D8C /* EditServerViewController.xib */ = {isa = PBXFileReference; fileEncoding = 4; lastKnownFileType = file.xib; path = EditServerViewController.xib; sourceTree = "<group>"; };
		857F0711146C4A9400368D8C /* en */ = {isa = PBXFileReference; lastKnownFileType = text.plist.strings; name = en; path = InfoPlist.strings; sourceTree = "<group>"; };
		857F0714146C4A9400368D8C /* README */ = {isa = PBXFileReference; fileEncoding = 4; lastKnownFileType = text; path = README; sourceTree = "<group>"; };
		857F0715146C4A9400368D8C /* ServerTableViewController.h */ = {isa = PBXFileReference; fileEncoding = 4; lastKnownFileType = sourcecode.c.h; path = ServerTableViewController.h; sourceTree = "<group>"; };
		857F0716146C4A9400368D8C /* ServerTableViewController.m */ = {isa = PBXFileReference; fileEncoding = 4; lastKnownFileType = sourcecode.c.objc; path = ServerTableViewController.m; sourceTree = "<group>"; };
		857F0717146C4A9400368D8C /* ServerTableViewController.xib */ = {isa = PBXFileReference; fileEncoding = 4; lastKnownFileType = file.xib; path = ServerTableViewController.xib; sourceTree = "<group>"; };
		85EE578F146D439300631678 /* projectstats.nsmap */ = {isa = PBXFileReference; fileEncoding = 4; lastKnownFileType = text; path = projectstats.nsmap; sourceTree = "<group>"; };
		85EE5790146D439300631678 /* soapC.cpp */ = {isa = PBXFileReference; fileEncoding = 4; lastKnownFileType = sourcecode.cpp.cpp; path = soapC.cpp; sourceTree = "<group>"; };
		85EE5791146D439300631678 /* soapH.h */ = {isa = PBXFileReference; fileEncoding = 4; lastKnownFileType = sourcecode.c.h; path = soapH.h; sourceTree = "<group>"; };
		85EE5792146D439300631678 /* soapprojectstatsProxy.cpp */ = {isa = PBXFileReference; fileEncoding = 4; lastKnownFileType = sourcecode.cpp.cpp; path = soapprojectstatsProxy.cpp; sourceTree = "<group>"; };
		85EE5793146D439300631678 /* soapprojectstatsProxy.h */ = {isa = PBXFileReference; fileEncoding = 4; lastKnownFileType = sourcecode.c.h; path = soapprojectstatsProxy.h; sourceTree = "<group>"; };
		85EE5794146D439300631678 /* soapStub.h */ = {isa = PBXFileReference; fileEncoding = 4; lastKnownFileType = sourcecode.c.h; path = soapStub.h; sourceTree = "<group>"; };
		85EE5795146D439300631678 /* soapprojectstatsObject.h */ = {isa = PBXFileReference; fileEncoding = 4; lastKnownFileType = sourcecode.c.h; path = soapprojectstatsObject.h; sourceTree = "<group>"; };
		85EE5798146D439300631678 /* stdsoap2.cpp */ = {isa = PBXFileReference; fileEncoding = 4; lastKnownFileType = sourcecode.cpp.cpp; path = stdsoap2.cpp; sourceTree = "<group>"; };
		85EE5799146D439300631678 /* stdsoap2.h */ = {isa = PBXFileReference; fileEncoding = 4; lastKnownFileType = sourcecode.c.h; path = stdsoap2.h; sourceTree = "<group>"; };
		85EE57A0146D43BA00631678 /* ServerLoader.h */ = {isa = PBXFileReference; fileEncoding = 4; lastKnownFileType = sourcecode.c.h; path = ServerLoader.h; sourceTree = "<group>"; };
		85EE57A1146D43BA00631678 /* ServerLoader.mm */ = {isa = PBXFileReference; fileEncoding = 4; lastKnownFileType = sourcecode.cpp.objcpp; path = ServerLoader.mm; sourceTree = "<group>"; };
		85EE57AF146D647D00631678 /* LibraryViewController.h */ = {isa = PBXFileReference; fileEncoding = 4; lastKnownFileType = sourcecode.c.h; path = LibraryViewController.h; sourceTree = "<group>"; };
		85EE57B0146D647D00631678 /* LibraryViewController.m */ = {isa = PBXFileReference; fileEncoding = 4; lastKnownFileType = sourcecode.c.objc; path = LibraryViewController.m; sourceTree = "<group>"; };
		85EE57B1146D647D00631678 /* LibraryViewController.xib */ = {isa = PBXFileReference; fileEncoding = 4; lastKnownFileType = file.xib; path = LibraryViewController.xib; sourceTree = "<group>"; };
		85EE57B2146D647D00631678 /* MainMenuTabBarController.h */ = {isa = PBXFileReference; fileEncoding = 4; lastKnownFileType = sourcecode.c.h; path = MainMenuTabBarController.h; sourceTree = "<group>"; };
		85EE57B3146D647D00631678 /* MainMenuTabBarController.m */ = {isa = PBXFileReference; fileEncoding = 4; lastKnownFileType = sourcecode.c.objc; path = MainMenuTabBarController.m; sourceTree = "<group>"; };
		85EE57B4146D647D00631678 /* MainMenuTabBarController.xib */ = {isa = PBXFileReference; fileEncoding = 4; lastKnownFileType = file.xib; path = MainMenuTabBarController.xib; sourceTree = "<group>"; };
		85EE57B5146D647D00631678 /* PlayerInfoViewController.h */ = {isa = PBXFileReference; fileEncoding = 4; lastKnownFileType = sourcecode.c.h; path = PlayerInfoViewController.h; sourceTree = "<group>"; };
		85EE57B6146D647D00631678 /* PlayerInfoViewController.m */ = {isa = PBXFileReference; fileEncoding = 4; lastKnownFileType = sourcecode.c.objc; path = PlayerInfoViewController.m; sourceTree = "<group>"; };
		85EE57B7146D647D00631678 /* PlayerInfoViewController.xib */ = {isa = PBXFileReference; fileEncoding = 4; lastKnownFileType = file.xib; path = PlayerInfoViewController.xib; sourceTree = "<group>"; };
		85EE57B8146D647D00631678 /* PlayerStatsViewController.h */ = {isa = PBXFileReference; fileEncoding = 4; lastKnownFileType = sourcecode.c.h; path = PlayerStatsViewController.h; sourceTree = "<group>"; };
		85EE57B9146D647D00631678 /* PlayerStatsViewController.m */ = {isa = PBXFileReference; fileEncoding = 4; lastKnownFileType = sourcecode.c.objc; path = PlayerStatsViewController.m; sourceTree = "<group>"; };
		85EE57BA146D647D00631678 /* PlayerStatsViewController.xib */ = {isa = PBXFileReference; fileEncoding = 4; lastKnownFileType = file.xib; path = PlayerStatsViewController.xib; sourceTree = "<group>"; };
		85EE57BB146D647D00631678 /* PlayersViewController.h */ = {isa = PBXFileReference; fileEncoding = 4; lastKnownFileType = sourcecode.c.h; path = PlayersViewController.h; sourceTree = "<group>"; };
		85EE57BC146D647D00631678 /* PlayersViewController.m */ = {isa = PBXFileReference; fileEncoding = 4; lastKnownFileType = sourcecode.c.objc; path = PlayersViewController.m; sourceTree = "<group>"; };
		85EE57BD146D647D00631678 /* PlayersViewController.xib */ = {isa = PBXFileReference; fileEncoding = 4; lastKnownFileType = file.xib; path = PlayersViewController.xib; sourceTree = "<group>"; };
		85EE57BE146D647D00631678 /* PlayerTabController.h */ = {isa = PBXFileReference; fileEncoding = 4; lastKnownFileType = sourcecode.c.h; path = PlayerTabController.h; sourceTree = "<group>"; };
		85EE57BF146D647D00631678 /* PlayerTabController.m */ = {isa = PBXFileReference; fileEncoding = 4; lastKnownFileType = sourcecode.c.objc; path = PlayerTabController.m; sourceTree = "<group>"; };
		85EE57C0146D647D00631678 /* PlayerTabController.xib */ = {isa = PBXFileReference; fileEncoding = 4; lastKnownFileType = file.xib; path = PlayerTabController.xib; sourceTree = "<group>"; };
		D1954B6F1472BC2C00D26790 /* PlaceInfoViewController.h */ = {isa = PBXFileReference; fileEncoding = 4; lastKnownFileType = sourcecode.c.h; path = PlaceInfoViewController.h; sourceTree = "<group>"; };
		D1954B701472BC2C00D26790 /* PlaceInfoViewController.m */ = {isa = PBXFileReference; fileEncoding = 4; lastKnownFileType = sourcecode.c.objc; path = PlaceInfoViewController.m; sourceTree = "<group>"; };
		D1954B711472BC2C00D26790 /* PlaceInfoViewController.xib */ = {isa = PBXFileReference; fileEncoding = 4; lastKnownFileType = file.xib; path = PlaceInfoViewController.xib; sourceTree = "<group>"; };
		D1954B751472C53500D26790 /* wappen_dortmund.png */ = {isa = PBXFileReference; lastKnownFileType = image.png; path = wappen_dortmund.png; sourceTree = "<group>"; };
		D1AA37E81472AE47001FE9A5 /* PlaceViewController.h */ = {isa = PBXFileReference; fileEncoding = 4; lastKnownFileType = sourcecode.c.h; path = PlaceViewController.h; sourceTree = "<group>"; };
		D1AA37E91472AE47001FE9A5 /* PlaceViewController.m */ = {isa = PBXFileReference; fileEncoding = 4; lastKnownFileType = sourcecode.c.objc; path = PlaceViewController.m; sourceTree = "<group>"; };
		D1AA37EA1472AE47001FE9A5 /* PlaceViewController.xib */ = {isa = PBXFileReference; fileEncoding = 4; lastKnownFileType = file.xib; path = PlaceViewController.xib; sourceTree = "<group>"; };
		D1DB812E1471B9B400F68BE8 /* DrinkViewController.h */ = {isa = PBXFileReference; fileEncoding = 4; lastKnownFileType = sourcecode.c.h; path = DrinkViewController.h; sourceTree = "<group>"; };
		D1DB812F1471B9B400F68BE8 /* DrinkViewController.m */ = {isa = PBXFileReference; fileEncoding = 4; lastKnownFileType = sourcecode.c.objc; path = DrinkViewController.m; sourceTree = "<group>"; };
		D1DB81301471B9B400F68BE8 /* DrinkViewController.xib */ = {isa = PBXFileReference; fileEncoding = 4; lastKnownFileType = file.xib; path = DrinkViewController.xib; sourceTree = "<group>"; };
		D1DB8133147249D600F68BE8 /* DrinkInfoViewController.h */ = {isa = PBXFileReference; fileEncoding = 4; lastKnownFileType = sourcecode.c.h; path = DrinkInfoViewController.h; sourceTree = "<group>"; };
		D1DB8134147249D600F68BE8 /* DrinkInfoViewController.m */ = {isa = PBXFileReference; fileEncoding = 4; lastKnownFileType = sourcecode.c.objc; path = DrinkInfoViewController.m; sourceTree = "<group>"; };
		D1DB8135147249D600F68BE8 /* DrinkInfoViewController.xib */ = {isa = PBXFileReference; fileEncoding = 4; lastKnownFileType = file.xib; path = DrinkInfoViewController.xib; sourceTree = "<group>"; };
		D1DB813814724A7E00F68BE8 /* beer_default.png */ = {isa = PBXFileReference; lastKnownFileType = image.png; name = beer_default.png; path = ../beer_default.png; sourceTree = "<group>"; };
		D1F4EFAA146D9E73006AA425 /* player.png */ = {isa = PBXFileReference; lastKnownFileType = image.png; path = player.png; sourceTree = "<group>"; };
		D1F4EFBA14701F2C006AA425 /* PlayerGamesViewController.h */ = {isa = PBXFileReference; fileEncoding = 4; lastKnownFileType = sourcecode.c.h; path = PlayerGamesViewController.h; sourceTree = "<group>"; };
		D1F4EFBB14701F2C006AA425 /* PlayerGamesViewController.m */ = {isa = PBXFileReference; fileEncoding = 4; lastKnownFileType = sourcecode.c.objc; path = PlayerGamesViewController.m; sourceTree = "<group>"; };
		D1F4EFBC14701F2C006AA425 /* PlayerGamesViewController.xib */ = {isa = PBXFileReference; fileEncoding = 4; lastKnownFileType = file.xib; path = PlayerGamesViewController.xib; sourceTree = "<group>"; };
/* End PBXFileReference section */

/* Begin PBXFrameworksBuildPhase section */
		857F06E9146C497300368D8C /* Frameworks */ = {
			isa = PBXFrameworksBuildPhase;
			buildActionMask = 2147483647;
			files = (
				857F06F1146C497300368D8C /* UIKit.framework in Frameworks */,
				857F06F3146C497300368D8C /* Foundation.framework in Frameworks */,
				857F06F5146C497300368D8C /* CoreGraphics.framework in Frameworks */,
				857F06F7146C497300368D8C /* CoreData.framework in Frameworks */,
			);
			runOnlyForDeploymentPostprocessing = 0;
		};
/* End PBXFrameworksBuildPhase section */

/* Begin PBXGroup section */
		853BC6FA1472B6A3008B7C6B /* Games */ = {
			isa = PBXGroup;
			children = (
				853BC6FB1472B6AB008B7C6B /* RemoteControl */,
				855E23AF1472C80400220B22 /* GameViewController.h */,
				855E23B01472C80400220B22 /* GameViewController.m */,
				855E23B11472C80400220B22 /* GameViewController.xib */,
			);
			name = Games;
			sourceTree = "<group>";
		};
		853BC6FB1472B6AB008B7C6B /* RemoteControl */ = {
			isa = PBXGroup;
			children = (
				853BC6FC1472B6F2008B7C6B /* AddSchmeissereiController.h */,
				853BC6FD1472B6F2008B7C6B /* AddSchmeissereiController.m */,
				853BC6FE1472B6F2008B7C6B /* AddSchmeissereiController.xib */,
				853BC6FF1472B6F2008B7C6B /* RemoteControl.h */,
				853BC7001472B6F2008B7C6B /* RemoteControl.m */,
				853BC7011472B6F2008B7C6B /* RemoteControl.xib */,
			);
			name = RemoteControl;
			sourceTree = "<group>";
		};
		857F06E1146C497200368D8C = {
			isa = PBXGroup;
			children = (
				857F06F8146C497300368D8C /* ProjectStatsApp */,
				857F06EF146C497300368D8C /* Frameworks */,
				857F06ED146C497300368D8C /* Products */,
			);
			sourceTree = "<group>";
		};
		857F06ED146C497300368D8C /* Products */ = {
			isa = PBXGroup;
			children = (
				857F06EC146C497300368D8C /* ProjectStatsApp.app */,
			);
			name = Products;
			sourceTree = "<group>";
		};
		857F06EF146C497300368D8C /* Frameworks */ = {
			isa = PBXGroup;
			children = (
				857F06F0146C497300368D8C /* UIKit.framework */,
				857F06F2146C497300368D8C /* Foundation.framework */,
				857F06F4146C497300368D8C /* CoreGraphics.framework */,
				857F06F6146C497300368D8C /* CoreData.framework */,
			);
			name = Frameworks;
			sourceTree = "<group>";
		};
		857F06F8146C497300368D8C /* ProjectStatsApp */ = {
			isa = PBXGroup;
			children = (
				D1F4EFB714701CAF006AA425 /* Library */,
				D1F4EFAA146D9E73006AA425 /* player.png */,
				D1DB813814724A7E00F68BE8 /* beer_default.png */,
				D1954B751472C53500D26790 /* wappen_dortmund.png */,
				85EE578E146D3B1600631678 /* ServerLoader */,
				85EE578D146D3ADE00631678 /* ServerChooser */,
				857F070F146C4A9400368D8C /* en.lproj */,
				857F0714146C4A9400368D8C /* README */,
				857F0701146C497300368D8C /* AppDelegate.h */,
				857F0702146C497300368D8C /* AppDelegate.m */,
				857F0704146C497300368D8C /* ProjectStatsApp.xcdatamodeld */,
				857F06F9146C497300368D8C /* Supporting Files */,
			);
			path = ProjectStatsApp;
			sourceTree = "<group>";
		};
		857F06F9146C497300368D8C /* Supporting Files */ = {
			isa = PBXGroup;
			children = (
				857F06FA146C497300368D8C /* ProjectStatsApp-Info.plist */,
				857F06FB146C497300368D8C /* InfoPlist.strings */,
				857F06FE146C497300368D8C /* main.m */,
				857F0700146C497300368D8C /* ProjectStatsApp-Prefix.pch */,
			);
			name = "Supporting Files";
			sourceTree = "<group>";
		};
		857F070F146C4A9400368D8C /* en.lproj */ = {
			isa = PBXGroup;
			children = (
				857F0710146C4A9400368D8C /* InfoPlist.strings */,
			);
			path = en.lproj;
			sourceTree = "<group>";
		};
		85EE578D146D3ADE00631678 /* ServerChooser */ = {
			isa = PBXGroup;
			children = (
				857F070C146C4A9400368D8C /* EditServerViewController.h */,
				857F070D146C4A9400368D8C /* EditServerViewController.m */,
				857F070E146C4A9400368D8C /* EditServerViewController.xib */,
				857F0715146C4A9400368D8C /* ServerTableViewController.h */,
				857F0716146C4A9400368D8C /* ServerTableViewController.m */,
				857F0717146C4A9400368D8C /* ServerTableViewController.xib */,
			);
			name = ServerChooser;
			sourceTree = "<group>";
		};
		85EE578E146D3B1600631678 /* ServerLoader */ = {
			isa = PBXGroup;
			children = (
				85EE578F146D439300631678 /* projectstats.nsmap */,
				85EE5790146D439300631678 /* soapC.cpp */,
				85EE5791146D439300631678 /* soapH.h */,
				85EE5792146D439300631678 /* soapprojectstatsProxy.cpp */,
				85EE5793146D439300631678 /* soapprojectstatsProxy.h */,
				85EE5794146D439300631678 /* soapStub.h */,
				85EE5795146D439300631678 /* soapprojectstatsObject.h */,
				85EE5798146D439300631678 /* stdsoap2.cpp */,
				85EE5799146D439300631678 /* stdsoap2.h */,
				85EE57A0146D43BA00631678 /* ServerLoader.h */,
				85EE57A1146D43BA00631678 /* ServerLoader.mm */,
			);
			name = ServerLoader;
			sourceTree = "<group>";
		};
		D1AA37E61472AE13001FE9A5 /* Places */ = {
			isa = PBXGroup;
			children = (
				D1AA37E81472AE47001FE9A5 /* PlaceViewController.h */,
				D1AA37E91472AE47001FE9A5 /* PlaceViewController.m */,
				D1AA37EA1472AE47001FE9A5 /* PlaceViewController.xib */,
				D1954B6F1472BC2C00D26790 /* PlaceInfoViewController.h */,
				D1954B701472BC2C00D26790 /* PlaceInfoViewController.m */,
				D1954B711472BC2C00D26790 /* PlaceInfoViewController.xib */,
			);
			name = Places;
			sourceTree = "<group>";
		};
		D1DB812C1471B97B00F68BE8 /* Drinks */ = {
			isa = PBXGroup;
			children = (
				D1DB812E1471B9B400F68BE8 /* DrinkViewController.h */,
				D1DB812F1471B9B400F68BE8 /* DrinkViewController.m */,
				D1DB81301471B9B400F68BE8 /* DrinkViewController.xib */,
				D1DB8133147249D600F68BE8 /* DrinkInfoViewController.h */,
				D1DB8134147249D600F68BE8 /* DrinkInfoViewController.m */,
				D1DB8135147249D600F68BE8 /* DrinkInfoViewController.xib */,
			);
			name = Drinks;
			sourceTree = "<group>";
		};
		D1F4EFB714701CAF006AA425 /* Library */ = {
			isa = PBXGroup;
			children = (
				853BC6FA1472B6A3008B7C6B /* Games */,
				D1AA37E61472AE13001FE9A5 /* Places */,
				D1DB812C1471B97B00F68BE8 /* Drinks */,
				D1F4EFB814701CDB006AA425 /* Players */,
				85EE57AF146D647D00631678 /* LibraryViewController.h */,
				85EE57B0146D647D00631678 /* LibraryViewController.m */,
				85EE57B1146D647D00631678 /* LibraryViewController.xib */,
				85EE57B2146D647D00631678 /* MainMenuTabBarController.h */,
				85EE57B3146D647D00631678 /* MainMenuTabBarController.m */,
				85EE57B4146D647D00631678 /* MainMenuTabBarController.xib */,
			);
			name = Library;
			sourceTree = "<group>";
		};
		D1F4EFB814701CDB006AA425 /* Players */ = {
			isa = PBXGroup;
			children = (
				D1F4EFB914701EF3006AA425 /* Stats */,
				85EE57B5146D647D00631678 /* PlayerInfoViewController.h */,
				85EE57B6146D647D00631678 /* PlayerInfoViewController.m */,
				85EE57B7146D647D00631678 /* PlayerInfoViewController.xib */,
				85EE57B8146D647D00631678 /* PlayerStatsViewController.h */,
				85EE57B9146D647D00631678 /* PlayerStatsViewController.m */,
				85EE57BA146D647D00631678 /* PlayerStatsViewController.xib */,
				85EE57BB146D647D00631678 /* PlayersViewController.h */,
				85EE57BC146D647D00631678 /* PlayersViewController.m */,
				85EE57BD146D647D00631678 /* PlayersViewController.xib */,
				85EE57BE146D647D00631678 /* PlayerTabController.h */,
				85EE57BF146D647D00631678 /* PlayerTabController.m */,
				85EE57C0146D647D00631678 /* PlayerTabController.xib */,
			);
			name = Players;
			sourceTree = "<group>";
		};
		D1F4EFB914701EF3006AA425 /* Stats */ = {
			isa = PBXGroup;
			children = (
				D1F4EFBA14701F2C006AA425 /* PlayerGamesViewController.h */,
				D1F4EFBB14701F2C006AA425 /* PlayerGamesViewController.m */,
				D1F4EFBC14701F2C006AA425 /* PlayerGamesViewController.xib */,
			);
			name = Stats;
			sourceTree = "<group>";
		};
/* End PBXGroup section */

/* Begin PBXNativeTarget section */
		857F06EB146C497300368D8C /* ProjectStatsApp */ = {
			isa = PBXNativeTarget;
			buildConfigurationList = 857F0709146C497400368D8C /* Build configuration list for PBXNativeTarget "ProjectStatsApp" */;
			buildPhases = (
				857F06E8146C497300368D8C /* Sources */,
				857F06E9146C497300368D8C /* Frameworks */,
				857F06EA146C497300368D8C /* Resources */,
			);
			buildRules = (
			);
			dependencies = (
			);
			name = ProjectStatsApp;
			productName = ProjectStatsApp;
			productReference = 857F06EC146C497300368D8C /* ProjectStatsApp.app */;
			productType = "com.apple.product-type.application";
		};
/* End PBXNativeTarget section */

/* Begin PBXProject section */
		857F06E3146C497200368D8C /* Project object */ = {
			isa = PBXProject;
			attributes = {
				LastUpgradeCheck = 0420;
				ORGANIZATIONNAME = "Technische Universität Dortmund";
			};
			buildConfigurationList = 857F06E6146C497200368D8C /* Build configuration list for PBXProject "ProjectStatsApp" */;
			compatibilityVersion = "Xcode 3.2";
			developmentRegion = English;
			hasScannedForEncodings = 0;
			knownRegions = (
				en,
			);
			mainGroup = 857F06E1146C497200368D8C;
			productRefGroup = 857F06ED146C497300368D8C /* Products */;
			projectDirPath = "";
			projectRoot = "";
			targets = (
				857F06EB146C497300368D8C /* ProjectStatsApp */,
			);
		};
/* End PBXProject section */

/* Begin PBXResourcesBuildPhase section */
		857F06EA146C497300368D8C /* Resources */ = {
			isa = PBXResourcesBuildPhase;
			buildActionMask = 2147483647;
			files = (
				857F06FD146C497300368D8C /* InfoPlist.strings in Resources */,
				857F071B146C4A9400368D8C /* EditServerViewController.xib in Resources */,
				857F071C146C4A9400368D8C /* InfoPlist.strings in Resources */,
				857F071E146C4A9400368D8C /* README in Resources */,
				857F0720146C4A9400368D8C /* ServerTableViewController.xib in Resources */,
				85EE579A146D439300631678 /* projectstats.nsmap in Resources */,
				85EE57C2146D647D00631678 /* LibraryViewController.xib in Resources */,
				85EE57C4146D647D00631678 /* MainMenuTabBarController.xib in Resources */,
				85EE57C6146D647D00631678 /* PlayerInfoViewController.xib in Resources */,
				85EE57C8146D647D00631678 /* PlayerStatsViewController.xib in Resources */,
				85EE57CA146D647D00631678 /* PlayersViewController.xib in Resources */,
				85EE57CC146D647D00631678 /* PlayerTabController.xib in Resources */,
				D1F4EFAB146D9E74006AA425 /* player.png in Resources */,
				D1F4EFBE14701F2C006AA425 /* PlayerGamesViewController.xib in Resources */,
				D1DB81321471B9B400F68BE8 /* DrinkViewController.xib in Resources */,
				D1DB8137147249D600F68BE8 /* DrinkInfoViewController.xib in Resources */,
				D1DB813914724A7E00F68BE8 /* beer_default.png in Resources */,
				D1AA37EC1472AE47001FE9A5 /* PlaceViewController.xib in Resources */,
				853BC7031472B6F2008B7C6B /* AddSchmeissereiController.xib in Resources */,
				853BC7051472B6F2008B7C6B /* RemoteControl.xib in Resources */,
				855E23B31472C80500220B22 /* GameViewController.xib in Resources */,
				D1954B731472BC2C00D26790 /* PlaceInfoViewController.xib in Resources */,
				D1954B761472C53600D26790 /* wappen_dortmund.png in Resources */,
			);
			runOnlyForDeploymentPostprocessing = 0;
		};
/* End PBXResourcesBuildPhase section */

/* Begin PBXSourcesBuildPhase section */
		857F06E8146C497300368D8C /* Sources */ = {
			isa = PBXSourcesBuildPhase;
			buildActionMask = 2147483647;
			files = (
				857F06FF146C497300368D8C /* main.m in Sources */,
				857F0703146C497300368D8C /* AppDelegate.m in Sources */,
				857F0706146C497300368D8C /* ProjectStatsApp.xcdatamodeld in Sources */,
				857F071A146C4A9400368D8C /* EditServerViewController.m in Sources */,
				857F071F146C4A9400368D8C /* ServerTableViewController.m in Sources */,
				85EE579B146D439300631678 /* soapC.cpp in Sources */,
				85EE579C146D439300631678 /* soapprojectstatsProxy.cpp in Sources */,
				85EE579F146D439300631678 /* stdsoap2.cpp in Sources */,
				85EE57A2146D43BA00631678 /* ServerLoader.mm in Sources */,
				85EE57C1146D647D00631678 /* LibraryViewController.m in Sources */,
				85EE57C3146D647D00631678 /* MainMenuTabBarController.m in Sources */,
				85EE57C5146D647D00631678 /* PlayerInfoViewController.m in Sources */,
				85EE57C7146D647D00631678 /* PlayerStatsViewController.m in Sources */,
				85EE57C9146D647D00631678 /* PlayersViewController.m in Sources */,
				85EE57CB146D647D00631678 /* PlayerTabController.m in Sources */,
				D1F4EFBD14701F2C006AA425 /* PlayerGamesViewController.m in Sources */,
				D1DB81311471B9B400F68BE8 /* DrinkViewController.m in Sources */,
				D1DB8136147249D600F68BE8 /* DrinkInfoViewController.m in Sources */,
				D1AA37EB1472AE47001FE9A5 /* PlaceViewController.m in Sources */,
				853BC7021472B6F2008B7C6B /* AddSchmeissereiController.m in Sources */,
				853BC7041472B6F2008B7C6B /* RemoteControl.m in Sources */,
				855E23B21472C80500220B22 /* GameViewController.m in Sources */,
				D1954B721472BC2C00D26790 /* PlaceInfoViewController.m in Sources */,
			);
			runOnlyForDeploymentPostprocessing = 0;
		};
/* End PBXSourcesBuildPhase section */

/* Begin PBXVariantGroup section */
		857F06FB146C497300368D8C /* InfoPlist.strings */ = {
			isa = PBXVariantGroup;
			children = (
				857F06FC146C497300368D8C /* en */,
			);
			name = InfoPlist.strings;
			sourceTree = "<group>";
		};
		857F0710146C4A9400368D8C /* InfoPlist.strings */ = {
			isa = PBXVariantGroup;
			children = (
				857F0711146C4A9400368D8C /* en */,
			);
			name = InfoPlist.strings;
			sourceTree = "<group>";
		};
/* End PBXVariantGroup section */

/* Begin XCBuildConfiguration section */
		853BC7081472BB3F008B7C6B /* Ad Hoc */ = {
			isa = XCBuildConfiguration;
			buildSettings = {
				ALWAYS_SEARCH_USER_PATHS = NO;
				ARCHS = "$(ARCHS_STANDARD_32_BIT)";
				CLANG_ENABLE_OBJC_ARC = YES;
				"CODE_SIGN_IDENTITY[sdk=iphoneos*]" = developer;
				COPY_PHASE_STRIP = YES;
				GCC_C_LANGUAGE_STANDARD = gnu99;
				GCC_PREPROCESSOR_DEFINITIONS_NOT_USED_IN_PRECOMPS = "";
				GCC_VERSION = com.apple.compilers.llvm.clang.1_0;
				GCC_WARN_ABOUT_MISSING_PROTOTYPES = YES;
				GCC_WARN_ABOUT_RETURN_TYPE = YES;
				GCC_WARN_UNUSED_VARIABLE = YES;
				IPHONEOS_DEPLOYMENT_TARGET = 4.3;
				OTHER_CFLAGS = "";
				OTHER_CPLUSPLUSFLAGS = (
					"-DWITH_NONAMESPACES",
					"$(OTHER_CFLAGS)",
				);
				"PROVISIONING_PROFILE[sdk=iphoneos*]" = "";
				SDKROOT = iphoneos;
				TARGETED_DEVICE_FAMILY = "1,2";
				VALIDATE_PRODUCT = YES;
			};
			name = "Ad Hoc";
		};
		853BC7091472BB3F008B7C6B /* Ad Hoc */ = {
			isa = XCBuildConfiguration;
			buildSettings = {
				GCC_INPUT_FILETYPE = sourcecode.cpp.objcpp;
				GCC_PRECOMPILE_PREFIX_HEADER = YES;
				GCC_PREFIX_HEADER = "ProjectStatsApp/ProjectStatsApp-Prefix.pch";
				INFOPLIST_FILE = "ProjectStatsApp/ProjectStatsApp-Info.plist";
				PRODUCT_NAME = "$(TARGET_NAME)";
				WRAPPER_EXTENSION = app;
			};
			name = "Ad Hoc";
		};
		857F0707146C497400368D8C /* Debug */ = {
			isa = XCBuildConfiguration;
			buildSettings = {
				ALWAYS_SEARCH_USER_PATHS = NO;
				ARCHS = "$(ARCHS_STANDARD_32_BIT)";
				CLANG_ENABLE_OBJC_ARC = YES;
				"CODE_SIGN_IDENTITY[sdk=iphoneos*]" = developer;
				COPY_PHASE_STRIP = NO;
				GCC_C_LANGUAGE_STANDARD = gnu99;
				GCC_DYNAMIC_NO_PIC = NO;
				GCC_OPTIMIZATION_LEVEL = 0;
				GCC_PREPROCESSOR_DEFINITIONS = (
					"DEBUG=1",
					"$(inherited)",
				);
				GCC_PREPROCESSOR_DEFINITIONS_NOT_USED_IN_PRECOMPS = "$(OTHER_CFLAGS)";
				GCC_SYMBOLS_PRIVATE_EXTERN = NO;
				GCC_VERSION = com.apple.compilers.llvm.clang.1_0;
				GCC_WARN_ABOUT_MISSING_PROTOTYPES = YES;
				GCC_WARN_ABOUT_RETURN_TYPE = YES;
				GCC_WARN_UNUSED_VARIABLE = YES;
				IPHONEOS_DEPLOYMENT_TARGET = 4.3;
				"PROVISIONING_PROFILE[sdk=iphoneos*]" = "";
				SDKROOT = iphoneos;
				TARGETED_DEVICE_FAMILY = "1,2";
			};
			name = Debug;
		};
		857F0708146C497400368D8C /* Release */ = {
			isa = XCBuildConfiguration;
			buildSettings = {
				ALWAYS_SEARCH_USER_PATHS = NO;
				ARCHS = "$(ARCHS_STANDARD_32_BIT)";
				CLANG_ENABLE_OBJC_ARC = YES;
				"CODE_SIGN_IDENTITY[sdk=iphoneos*]" = developer;
				COPY_PHASE_STRIP = YES;
				GCC_C_LANGUAGE_STANDARD = gnu99;
				GCC_PREPROCESSOR_DEFINITIONS_NOT_USED_IN_PRECOMPS = "";
				GCC_VERSION = com.apple.compilers.llvm.clang.1_0;
				GCC_WARN_ABOUT_MISSING_PROTOTYPES = YES;
				GCC_WARN_ABOUT_RETURN_TYPE = YES;
				GCC_WARN_UNUSED_VARIABLE = YES;
				IPHONEOS_DEPLOYMENT_TARGET = 4.3;
				OTHER_CFLAGS = "";
				"PROVISIONING_PROFILE[sdk=iphoneos*]" = "";
				SDKROOT = iphoneos;
				TARGETED_DEVICE_FAMILY = "1,2";
				VALIDATE_PRODUCT = YES;
			};
			name = Release;
		};
		857F070A146C497400368D8C /* Debug */ = {
			isa = XCBuildConfiguration;
			buildSettings = {
				GCC_INPUT_FILETYPE = sourcecode.cpp.objcpp;
				GCC_PRECOMPILE_PREFIX_HEADER = YES;
				GCC_PREFIX_HEADER = "ProjectStatsApp/ProjectStatsApp-Prefix.pch";
				INFOPLIST_FILE = "ProjectStatsApp/ProjectStatsApp-Info.plist";
				OTHER_CPLUSPLUSFLAGS = (
					"-DWITH_NONAMESPACES",
					"$(OTHER_CFLAGS)",
				);
				PRODUCT_NAME = "$(TARGET_NAME)";
				WRAPPER_EXTENSION = app;
			};
			name = Debug;
		};
		857F070B146C497400368D8C /* Release */ = {
			isa = XCBuildConfiguration;
			buildSettings = {
				GCC_INPUT_FILETYPE = sourcecode.cpp.objcpp;
				GCC_PRECOMPILE_PREFIX_HEADER = YES;
				GCC_PREFIX_HEADER = "ProjectStatsApp/ProjectStatsApp-Prefix.pch";
				INFOPLIST_FILE = "ProjectStatsApp/ProjectStatsApp-Info.plist";
				PRODUCT_NAME = "$(TARGET_NAME)";
				WRAPPER_EXTENSION = app;
			};
			name = Release;
		};
/* End XCBuildConfiguration section */

/* Begin XCConfigurationList section */
		857F06E6146C497200368D8C /* Build configuration list for PBXProject "ProjectStatsApp" */ = {
			isa = XCConfigurationList;
			buildConfigurations = (
				857F0707146C497400368D8C /* Debug */,
				857F0708146C497400368D8C /* Release */,
				853BC7081472BB3F008B7C6B /* Ad Hoc */,
			);
			defaultConfigurationIsVisible = 0;
			defaultConfigurationName = Release;
		};
		857F0709146C497400368D8C /* Build configuration list for PBXNativeTarget "ProjectStatsApp" */ = {
			isa = XCConfigurationList;
			buildConfigurations = (
				857F070A146C497400368D8C /* Debug */,
				857F070B146C497400368D8C /* Release */,
				853BC7091472BB3F008B7C6B /* Ad Hoc */,
			);
			defaultConfigurationIsVisible = 0;
			defaultConfigurationName = Release;
		};
/* End XCConfigurationList section */

/* Begin XCVersionGroup section */
		857F0704146C497300368D8C /* ProjectStatsApp.xcdatamodeld */ = {
			isa = XCVersionGroup;
			children = (
				857F0705146C497300368D8C /* ProjectStatsApp.xcdatamodel */,
			);
			currentVersion = 857F0705146C497300368D8C /* ProjectStatsApp.xcdatamodel */;
			path = ProjectStatsApp.xcdatamodeld;
			sourceTree = "<group>";
			versionGroupType = wrapper.xcdatamodel;
		};
/* End XCVersionGroup section */
	};
	rootObject = 857F06E3146C497200368D8C /* Project object */;
}
